// !$*UTF8*$!
{
	archiveVersion = 1;
	classes = {
	};
	objectVersion = 55;
	objects = {

/* Begin PBXBuildFile section */
		2803A1D129CA38E8006F4A40 /* HomeViewExtension.swift in Sources */ = {isa = PBXBuildFile; fileRef = 2803A1D029CA38E8006F4A40 /* HomeViewExtension.swift */; };
		2803A1D329CA3BB3006F4A40 /* DesignElements.swift in Sources */ = {isa = PBXBuildFile; fileRef = 2803A1D229CA3BB3006F4A40 /* DesignElements.swift */; };
		2803A1D529CA4461006F4A40 /* OfferCellView.swift in Sources */ = {isa = PBXBuildFile; fileRef = 2803A1D429CA4461006F4A40 /* OfferCellView.swift */; };
		2835379B29CF4D9A009F4722 /* TabBarExtension.swift in Sources */ = {isa = PBXBuildFile; fileRef = 2835379A29CF4D9A009F4722 /* TabBarExtension.swift */; };
		2835379E29CF537F009F4722 /* CreateViewController.swift in Sources */ = {isa = PBXBuildFile; fileRef = 2835379D29CF537F009F4722 /* CreateViewController.swift */; };
		283537A029CF619C009F4722 /* CreateViewModel.swift in Sources */ = {isa = PBXBuildFile; fileRef = 2835379F29CF619C009F4722 /* CreateViewModel.swift */; };
		283537A329CF63FB009F4722 /* CreateViewExtensions.swift in Sources */ = {isa = PBXBuildFile; fileRef = 283537A229CF63FB009F4722 /* CreateViewExtensions.swift */; };
		283537A529CFB171009F4722 /* StringExtension.swift in Sources */ = {isa = PBXBuildFile; fileRef = 283537A429CFB171009F4722 /* StringExtension.swift */; };
		283537A729CFC229009F4722 /* ButtonExtensions.swift in Sources */ = {isa = PBXBuildFile; fileRef = 283537A629CFC229009F4722 /* ButtonExtensions.swift */; };
		283537AC29D0532D009F4722 /* OfferViewController.swift in Sources */ = {isa = PBXBuildFile; fileRef = 283537AB29D0532D009F4722 /* OfferViewController.swift */; };
		283537AE29D05356009F4722 /* OfferViewModels.swift in Sources */ = {isa = PBXBuildFile; fileRef = 283537AD29D05356009F4722 /* OfferViewModels.swift */; };
		283537B629D0EFD2009F4722 /* NetworkClient.swift in Sources */ = {isa = PBXBuildFile; fileRef = 283537B029D0EFD2009F4722 /* NetworkClient.swift */; };
		283537B729D0EFD2009F4722 /* NetworkClientImp.swift in Sources */ = {isa = PBXBuildFile; fileRef = 283537B129D0EFD2009F4722 /* NetworkClientImp.swift */; };
		283537B829D0EFD2009F4722 /* HTTPRequest.swift in Sources */ = {isa = PBXBuildFile; fileRef = 283537B229D0EFD2009F4722 /* HTTPRequest.swift */; };
		283537B929D0EFD2009F4722 /* HTTPNetworkResponse.swift in Sources */ = {isa = PBXBuildFile; fileRef = 283537B329D0EFD2009F4722 /* HTTPNetworkResponse.swift */; };
		283537BA29D0EFD2009F4722 /* HTTPMethod.swift in Sources */ = {isa = PBXBuildFile; fileRef = 283537B429D0EFD2009F4722 /* HTTPMethod.swift */; };
		283537BB29D0EFD2009F4722 /* HTTPError.swift in Sources */ = {isa = PBXBuildFile; fileRef = 283537B529D0EFD2009F4722 /* HTTPError.swift */; };
		283537C329D0EFE7009F4722 /* NetworkServiceImp.swift in Sources */ = {isa = PBXBuildFile; fileRef = 283537BD29D0EFE7009F4722 /* NetworkServiceImp.swift */; };
		283537C429D0EFE7009F4722 /* UserCreateQuery.swift in Sources */ = {isa = PBXBuildFile; fileRef = 283537BF29D0EFE7009F4722 /* UserCreateQuery.swift */; };
		283537C629D0EFE7009F4722 /* NetworkTodoItem.swift in Sources */ = {isa = PBXBuildFile; fileRef = 283537C129D0EFE7009F4722 /* NetworkTodoItem.swift */; };
		283537C729D0EFE7009F4722 /* NetworkService.swift in Sources */ = {isa = PBXBuildFile; fileRef = 283537C229D0EFE7009F4722 /* NetworkService.swift */; };
		283537C929D1072E009F4722 /* CurrencyGetQuery.swift in Sources */ = {isa = PBXBuildFile; fileRef = 283537C829D1072E009F4722 /* CurrencyGetQuery.swift */; };
		2898E52129CDEE210007AEC9 /* FilterCellView.swift in Sources */ = {isa = PBXBuildFile; fileRef = 2898E52029CDEE210007AEC9 /* FilterCellView.swift */; };
		2898E52529CE74240007AEC9 /* ImageExtension.swift in Sources */ = {isa = PBXBuildFile; fileRef = 2898E52429CE74240007AEC9 /* ImageExtension.swift */; };
		2898E52929CE75C90007AEC9 /* OfferData.swift in Sources */ = {isa = PBXBuildFile; fileRef = 2898E52829CE75C90007AEC9 /* OfferData.swift */; };
		2898E52B29CE7A5F0007AEC9 /* CurrencyElements.swift in Sources */ = {isa = PBXBuildFile; fileRef = 2898E52A29CE7A5F0007AEC9 /* CurrencyElements.swift */; };
		2898E52D29CE7AD40007AEC9 /* CurrencyData.swift in Sources */ = {isa = PBXBuildFile; fileRef = 2898E52C29CE7AD40007AEC9 /* CurrencyData.swift */; };
		2898E52F29CE7B020007AEC9 /* UserData.swift in Sources */ = {isa = PBXBuildFile; fileRef = 2898E52E29CE7B020007AEC9 /* UserData.swift */; };
		28BB4AD329C87E0200380DEF /* AppDelegate.swift in Sources */ = {isa = PBXBuildFile; fileRef = 28BB4AD229C87E0200380DEF /* AppDelegate.swift */; };
		28BB4ADC29C87E0700380DEF /* Assets.xcassets in Resources */ = {isa = PBXBuildFile; fileRef = 28BB4ADB29C87E0700380DEF /* Assets.xcassets */; };
		28BB4AEA29C87E0800380DEF /* obmennikTests.swift in Sources */ = {isa = PBXBuildFile; fileRef = 28BB4AE929C87E0800380DEF /* obmennikTests.swift */; };
		28BB4AF429C87E0800380DEF /* obmennikUITests.swift in Sources */ = {isa = PBXBuildFile; fileRef = 28BB4AF329C87E0800380DEF /* obmennikUITests.swift */; };
		28BB4AF629C87E0800380DEF /* obmennikUITestsLaunchTests.swift in Sources */ = {isa = PBXBuildFile; fileRef = 28BB4AF529C87E0800380DEF /* obmennikUITestsLaunchTests.swift */; };
		28BB4B0529C908D500380DEF /* HomeViewController.swift in Sources */ = {isa = PBXBuildFile; fileRef = 28BB4B0429C908D500380DEF /* HomeViewController.swift */; };
		28BB4B1129C9C6E700380DEF /* Main.storyboard in Resources */ = {isa = PBXBuildFile; fileRef = 28BB4B1029C9C6E700380DEF /* Main.storyboard */; };
		28BB4B1329C9C7DC00380DEF /* TabBarController.swift in Sources */ = {isa = PBXBuildFile; fileRef = 28BB4B1229C9C7DB00380DEF /* TabBarController.swift */; };
		28BB4B1529C9CFAB00380DEF /* ColorPalette.swift in Sources */ = {isa = PBXBuildFile; fileRef = 28BB4B1429C9CFAB00380DEF /* ColorPalette.swift */; };
		28BB4B1729CA332200380DEF /* HomeViewModel.swift in Sources */ = {isa = PBXBuildFile; fileRef = 28BB4B1629CA332200380DEF /* HomeViewModel.swift */; };
/* End PBXBuildFile section */

/* Begin PBXContainerItemProxy section */
		28BB4AE629C87E0800380DEF /* PBXContainerItemProxy */ = {
			isa = PBXContainerItemProxy;
			containerPortal = 28BB4AC729C87E0200380DEF /* Project object */;
			proxyType = 1;
			remoteGlobalIDString = 28BB4ACE29C87E0200380DEF;
			remoteInfo = obmennik;
		};
		28BB4AF029C87E0800380DEF /* PBXContainerItemProxy */ = {
			isa = PBXContainerItemProxy;
			containerPortal = 28BB4AC729C87E0200380DEF /* Project object */;
			proxyType = 1;
			remoteGlobalIDString = 28BB4ACE29C87E0200380DEF;
			remoteInfo = obmennik;
		};
/* End PBXContainerItemProxy section */

/* Begin PBXFileReference section */
		2803A1D029CA38E8006F4A40 /* HomeViewExtension.swift */ = {isa = PBXFileReference; lastKnownFileType = sourcecode.swift; path = HomeViewExtension.swift; sourceTree = "<group>"; };
		2803A1D229CA3BB3006F4A40 /* DesignElements.swift */ = {isa = PBXFileReference; lastKnownFileType = sourcecode.swift; path = DesignElements.swift; sourceTree = "<group>"; };
		2803A1D429CA4461006F4A40 /* OfferCellView.swift */ = {isa = PBXFileReference; lastKnownFileType = sourcecode.swift; path = OfferCellView.swift; sourceTree = "<group>"; };
		2835379A29CF4D9A009F4722 /* TabBarExtension.swift */ = {isa = PBXFileReference; lastKnownFileType = sourcecode.swift; path = TabBarExtension.swift; sourceTree = "<group>"; };
		2835379D29CF537F009F4722 /* CreateViewController.swift */ = {isa = PBXFileReference; lastKnownFileType = sourcecode.swift; path = CreateViewController.swift; sourceTree = "<group>"; };
		2835379F29CF619C009F4722 /* CreateViewModel.swift */ = {isa = PBXFileReference; lastKnownFileType = sourcecode.swift; path = CreateViewModel.swift; sourceTree = "<group>"; };
		283537A229CF63FB009F4722 /* CreateViewExtensions.swift */ = {isa = PBXFileReference; lastKnownFileType = sourcecode.swift; path = CreateViewExtensions.swift; sourceTree = "<group>"; };
		283537A429CFB171009F4722 /* StringExtension.swift */ = {isa = PBXFileReference; lastKnownFileType = sourcecode.swift; path = StringExtension.swift; sourceTree = "<group>"; };
		283537A629CFC229009F4722 /* ButtonExtensions.swift */ = {isa = PBXFileReference; lastKnownFileType = sourcecode.swift; path = ButtonExtensions.swift; sourceTree = "<group>"; };
		283537AB29D0532D009F4722 /* OfferViewController.swift */ = {isa = PBXFileReference; lastKnownFileType = sourcecode.swift; path = OfferViewController.swift; sourceTree = "<group>"; };
		283537AD29D05356009F4722 /* OfferViewModels.swift */ = {isa = PBXFileReference; lastKnownFileType = sourcecode.swift; path = OfferViewModels.swift; sourceTree = "<group>"; };
		283537B029D0EFD2009F4722 /* NetworkClient.swift */ = {isa = PBXFileReference; fileEncoding = 4; lastKnownFileType = sourcecode.swift; path = NetworkClient.swift; sourceTree = "<group>"; };
		283537B129D0EFD2009F4722 /* NetworkClientImp.swift */ = {isa = PBXFileReference; fileEncoding = 4; lastKnownFileType = sourcecode.swift; path = NetworkClientImp.swift; sourceTree = "<group>"; };
		283537B229D0EFD2009F4722 /* HTTPRequest.swift */ = {isa = PBXFileReference; fileEncoding = 4; lastKnownFileType = sourcecode.swift; path = HTTPRequest.swift; sourceTree = "<group>"; };
		283537B329D0EFD2009F4722 /* HTTPNetworkResponse.swift */ = {isa = PBXFileReference; fileEncoding = 4; lastKnownFileType = sourcecode.swift; path = HTTPNetworkResponse.swift; sourceTree = "<group>"; };
		283537B429D0EFD2009F4722 /* HTTPMethod.swift */ = {isa = PBXFileReference; fileEncoding = 4; lastKnownFileType = sourcecode.swift; path = HTTPMethod.swift; sourceTree = "<group>"; };
		283537B529D0EFD2009F4722 /* HTTPError.swift */ = {isa = PBXFileReference; fileEncoding = 4; lastKnownFileType = sourcecode.swift; path = HTTPError.swift; sourceTree = "<group>"; };
		283537BD29D0EFE7009F4722 /* NetworkServiceImp.swift */ = {isa = PBXFileReference; fileEncoding = 4; lastKnownFileType = sourcecode.swift; path = NetworkServiceImp.swift; sourceTree = "<group>"; };
		283537BF29D0EFE7009F4722 /* UserCreateQuery.swift */ = {isa = PBXFileReference; fileEncoding = 4; lastKnownFileType = sourcecode.swift; path = UserCreateQuery.swift; sourceTree = "<group>"; };
		283537C129D0EFE7009F4722 /* NetworkTodoItem.swift */ = {isa = PBXFileReference; fileEncoding = 4; lastKnownFileType = sourcecode.swift; path = NetworkTodoItem.swift; sourceTree = "<group>"; };
		283537C229D0EFE7009F4722 /* NetworkService.swift */ = {isa = PBXFileReference; fileEncoding = 4; lastKnownFileType = sourcecode.swift; path = NetworkService.swift; sourceTree = "<group>"; };
		283537C829D1072E009F4722 /* CurrencyGetQuery.swift */ = {isa = PBXFileReference; lastKnownFileType = sourcecode.swift; path = CurrencyGetQuery.swift; sourceTree = "<group>"; };
		2898E52029CDEE210007AEC9 /* FilterCellView.swift */ = {isa = PBXFileReference; lastKnownFileType = sourcecode.swift; path = FilterCellView.swift; sourceTree = "<group>"; };
		2898E52429CE74240007AEC9 /* ImageExtension.swift */ = {isa = PBXFileReference; lastKnownFileType = sourcecode.swift; path = ImageExtension.swift; sourceTree = "<group>"; };
		2898E52829CE75C90007AEC9 /* OfferData.swift */ = {isa = PBXFileReference; lastKnownFileType = sourcecode.swift; path = OfferData.swift; sourceTree = "<group>"; };
		2898E52A29CE7A5F0007AEC9 /* CurrencyElements.swift */ = {isa = PBXFileReference; lastKnownFileType = sourcecode.swift; path = CurrencyElements.swift; sourceTree = "<group>"; };
		2898E52C29CE7AD40007AEC9 /* CurrencyData.swift */ = {isa = PBXFileReference; lastKnownFileType = sourcecode.swift; path = CurrencyData.swift; sourceTree = "<group>"; };
		2898E52E29CE7B020007AEC9 /* UserData.swift */ = {isa = PBXFileReference; lastKnownFileType = sourcecode.swift; path = UserData.swift; sourceTree = "<group>"; };
		28BB4ACF29C87E0200380DEF /* obmennik.app */ = {isa = PBXFileReference; explicitFileType = wrapper.application; includeInIndex = 0; path = obmennik.app; sourceTree = BUILT_PRODUCTS_DIR; };
		28BB4AD229C87E0200380DEF /* AppDelegate.swift */ = {isa = PBXFileReference; lastKnownFileType = sourcecode.swift; path = AppDelegate.swift; sourceTree = "<group>"; };
		28BB4ADB29C87E0700380DEF /* Assets.xcassets */ = {isa = PBXFileReference; lastKnownFileType = folder.assetcatalog; path = Assets.xcassets; sourceTree = "<group>"; };
		28BB4AE029C87E0700380DEF /* Info.plist */ = {isa = PBXFileReference; lastKnownFileType = text.plist.xml; path = Info.plist; sourceTree = "<group>"; };
		28BB4AE529C87E0800380DEF /* obmennikTests.xctest */ = {isa = PBXFileReference; explicitFileType = wrapper.cfbundle; includeInIndex = 0; path = obmennikTests.xctest; sourceTree = BUILT_PRODUCTS_DIR; };
		28BB4AE929C87E0800380DEF /* obmennikTests.swift */ = {isa = PBXFileReference; lastKnownFileType = sourcecode.swift; path = obmennikTests.swift; sourceTree = "<group>"; };
		28BB4AEF29C87E0800380DEF /* obmennikUITests.xctest */ = {isa = PBXFileReference; explicitFileType = wrapper.cfbundle; includeInIndex = 0; path = obmennikUITests.xctest; sourceTree = BUILT_PRODUCTS_DIR; };
		28BB4AF329C87E0800380DEF /* obmennikUITests.swift */ = {isa = PBXFileReference; lastKnownFileType = sourcecode.swift; path = obmennikUITests.swift; sourceTree = "<group>"; };
		28BB4AF529C87E0800380DEF /* obmennikUITestsLaunchTests.swift */ = {isa = PBXFileReference; lastKnownFileType = sourcecode.swift; path = obmennikUITestsLaunchTests.swift; sourceTree = "<group>"; };
		28BB4B0429C908D500380DEF /* HomeViewController.swift */ = {isa = PBXFileReference; lastKnownFileType = sourcecode.swift; path = HomeViewController.swift; sourceTree = "<group>"; };
		28BB4B1029C9C6E700380DEF /* Main.storyboard */ = {isa = PBXFileReference; fileEncoding = 4; lastKnownFileType = file.storyboard; path = Main.storyboard; sourceTree = "<group>"; };
		28BB4B1229C9C7DB00380DEF /* TabBarController.swift */ = {isa = PBXFileReference; lastKnownFileType = sourcecode.swift; path = TabBarController.swift; sourceTree = "<group>"; };
		28BB4B1429C9CFAB00380DEF /* ColorPalette.swift */ = {isa = PBXFileReference; lastKnownFileType = sourcecode.swift; path = ColorPalette.swift; sourceTree = "<group>"; };
		28BB4B1629CA332200380DEF /* HomeViewModel.swift */ = {isa = PBXFileReference; lastKnownFileType = sourcecode.swift; path = HomeViewModel.swift; sourceTree = "<group>"; };
/* End PBXFileReference section */

/* Begin PBXFrameworksBuildPhase section */
		28BB4ACC29C87E0200380DEF /* Frameworks */ = {
			isa = PBXFrameworksBuildPhase;
			buildActionMask = 2147483647;
			files = (
			);
			runOnlyForDeploymentPostprocessing = 0;
		};
		28BB4AE229C87E0800380DEF /* Frameworks */ = {
			isa = PBXFrameworksBuildPhase;
			buildActionMask = 2147483647;
			files = (
			);
			runOnlyForDeploymentPostprocessing = 0;
		};
		28BB4AEC29C87E0800380DEF /* Frameworks */ = {
			isa = PBXFrameworksBuildPhase;
			buildActionMask = 2147483647;
			files = (
			);
			runOnlyForDeploymentPostprocessing = 0;
		};
/* End PBXFrameworksBuildPhase section */

/* Begin PBXGroup section */
		2803A1CF29CA3877006F4A40 /* Home Tab */ = {
			isa = PBXGroup;
			children = (
				28BB4B1629CA332200380DEF /* HomeViewModel.swift */,
				2898E52329CE71F70007AEC9 /* Extensions */,
				2898E52229CE71D00007AEC9 /* Views */,
				28BB4B0429C908D500380DEF /* HomeViewController.swift */,
			);
			path = "Home Tab";
			sourceTree = "<group>";
		};
		2835379929CF495D009F4722 /* Tab Bar */ = {
			isa = PBXGroup;
			children = (
				28BB4B1229C9C7DB00380DEF /* TabBarController.swift */,
				2835379A29CF4D9A009F4722 /* TabBarExtension.swift */,
			);
			path = "Tab Bar";
			sourceTree = "<group>";
		};
		2835379C29CF5366009F4722 /* Create Tab */ = {
			isa = PBXGroup;
			children = (
				283537A129CF63E2009F4722 /* Extensions */,
				2835379D29CF537F009F4722 /* CreateViewController.swift */,
				2835379F29CF619C009F4722 /* CreateViewModel.swift */,
			);
			path = "Create Tab";
			sourceTree = "<group>";
		};
		283537A129CF63E2009F4722 /* Extensions */ = {
			isa = PBXGroup;
			children = (
				283537A229CF63FB009F4722 /* CreateViewExtensions.swift */,
				283537A429CFB171009F4722 /* StringExtension.swift */,
				283537A629CFC229009F4722 /* ButtonExtensions.swift */,
			);
			path = Extensions;
			sourceTree = "<group>";
		};
		283537AA29D0530E009F4722 /* Offer Tab */ = {
			isa = PBXGroup;
			children = (
				283537AB29D0532D009F4722 /* OfferViewController.swift */,
				283537AD29D05356009F4722 /* OfferViewModels.swift */,
			);
			path = "Offer Tab";
			sourceTree = "<group>";
		};
		283537AF29D0EFD2009F4722 /* Networking */ = {
			isa = PBXGroup;
			children = (
				283537B029D0EFD2009F4722 /* NetworkClient.swift */,
				283537B129D0EFD2009F4722 /* NetworkClientImp.swift */,
				283537B229D0EFD2009F4722 /* HTTPRequest.swift */,
				283537B329D0EFD2009F4722 /* HTTPNetworkResponse.swift */,
				283537B429D0EFD2009F4722 /* HTTPMethod.swift */,
				283537B529D0EFD2009F4722 /* HTTPError.swift */,
			);
			path = Networking;
			sourceTree = "<group>";
		};
		283537BC29D0EFE7009F4722 /* NetworkService */ = {
			isa = PBXGroup;
			children = (
				283537BE29D0EFE7009F4722 /* Models */,
				283537BD29D0EFE7009F4722 /* NetworkServiceImp.swift */,
				283537C229D0EFE7009F4722 /* NetworkService.swift */,
			);
			path = NetworkService;
			sourceTree = "<group>";
		};
		283537BE29D0EFE7009F4722 /* Models */ = {
			isa = PBXGroup;
			children = (
				283537BF29D0EFE7009F4722 /* UserCreateQuery.swift */,
				283537C129D0EFE7009F4722 /* NetworkTodoItem.swift */,
				283537C829D1072E009F4722 /* CurrencyGetQuery.swift */,
			);
			path = Models;
			sourceTree = "<group>";
		};
		2898E52229CE71D00007AEC9 /* Views */ = {
			isa = PBXGroup;
			children = (
				2898E52029CDEE210007AEC9 /* FilterCellView.swift */,
				2803A1D429CA4461006F4A40 /* OfferCellView.swift */,
			);
			path = Views;
			sourceTree = "<group>";
		};
		2898E52329CE71F70007AEC9 /* Extensions */ = {
			isa = PBXGroup;
			children = (
				2803A1D029CA38E8006F4A40 /* HomeViewExtension.swift */,
				2898E52429CE74240007AEC9 /* ImageExtension.swift */,
			);
			path = Extensions;
			sourceTree = "<group>";
		};
		2898E52629CE745C0007AEC9 /* Utils */ = {
			isa = PBXGroup;
			children = (
				2803A1D229CA3BB3006F4A40 /* DesignElements.swift */,
				28BB4B1429C9CFAB00380DEF /* ColorPalette.swift */,
				2898E52A29CE7A5F0007AEC9 /* CurrencyElements.swift */,
			);
			path = Utils;
			sourceTree = "<group>";
		};
		2898E52729CE75B30007AEC9 /* DataStructs */ = {
			isa = PBXGroup;
			children = (
				2898E52829CE75C90007AEC9 /* OfferData.swift */,
				2898E52C29CE7AD40007AEC9 /* CurrencyData.swift */,
				2898E52E29CE7B020007AEC9 /* UserData.swift */,
			);
			path = DataStructs;
			sourceTree = "<group>";
		};
		28BB4AC629C87E0100380DEF = {
			isa = PBXGroup;
			children = (
				28BB4AD129C87E0200380DEF /* obmennik */,
				28BB4AE829C87E0800380DEF /* obmennikTests */,
				28BB4AF229C87E0800380DEF /* obmennikUITests */,
				28BB4AD029C87E0200380DEF /* Products */,
			);
			sourceTree = "<group>";
		};
		28BB4AD029C87E0200380DEF /* Products */ = {
			isa = PBXGroup;
			children = (
				28BB4ACF29C87E0200380DEF /* obmennik.app */,
				28BB4AE529C87E0800380DEF /* obmennikTests.xctest */,
				28BB4AEF29C87E0800380DEF /* obmennikUITests.xctest */,
			);
			name = Products;
			sourceTree = "<group>";
		};
		28BB4AD129C87E0200380DEF /* obmennik */ = {
			isa = PBXGroup;
			children = (
				283537AF29D0EFD2009F4722 /* Networking */,
				283537BC29D0EFE7009F4722 /* NetworkService */,
				283537AA29D0530E009F4722 /* Offer Tab */,
				2835379C29CF5366009F4722 /* Create Tab */,
				2835379929CF495D009F4722 /* Tab Bar */,
				2803A1CF29CA3877006F4A40 /* Home Tab */,
				2898E52729CE75B30007AEC9 /* DataStructs */,
				2898E52629CE745C0007AEC9 /* Utils */,
				28BB4AD229C87E0200380DEF /* AppDelegate.swift */,
				28BB4ADB29C87E0700380DEF /* Assets.xcassets */,
				28BB4AE029C87E0700380DEF /* Info.plist */,
				28BB4B1029C9C6E700380DEF /* Main.storyboard */,
			);
			path = obmennik;
			sourceTree = "<group>";
		};
		28BB4AE829C87E0800380DEF /* obmennikTests */ = {
			isa = PBXGroup;
			children = (
				28BB4AE929C87E0800380DEF /* obmennikTests.swift */,
			);
			path = obmennikTests;
			sourceTree = "<group>";
		};
		28BB4AF229C87E0800380DEF /* obmennikUITests */ = {
			isa = PBXGroup;
			children = (
				28BB4AF329C87E0800380DEF /* obmennikUITests.swift */,
				28BB4AF529C87E0800380DEF /* obmennikUITestsLaunchTests.swift */,
			);
			path = obmennikUITests;
			sourceTree = "<group>";
		};
/* End PBXGroup section */

/* Begin PBXNativeTarget section */
		28BB4ACE29C87E0200380DEF /* obmennik */ = {
			isa = PBXNativeTarget;
			buildConfigurationList = 28BB4AF929C87E0800380DEF /* Build configuration list for PBXNativeTarget "obmennik" */;
			buildPhases = (
				28BB4ACB29C87E0200380DEF /* Sources */,
				28BB4ACC29C87E0200380DEF /* Frameworks */,
				28BB4ACD29C87E0200380DEF /* Resources */,
			);
			buildRules = (
			);
			dependencies = (
			);
			name = obmennik;
			productName = obmennik;
			productReference = 28BB4ACF29C87E0200380DEF /* obmennik.app */;
			productType = "com.apple.product-type.application";
		};
		28BB4AE429C87E0800380DEF /* obmennikTests */ = {
			isa = PBXNativeTarget;
			buildConfigurationList = 28BB4AFC29C87E0800380DEF /* Build configuration list for PBXNativeTarget "obmennikTests" */;
			buildPhases = (
				28BB4AE129C87E0800380DEF /* Sources */,
				28BB4AE229C87E0800380DEF /* Frameworks */,
				28BB4AE329C87E0800380DEF /* Resources */,
			);
			buildRules = (
			);
			dependencies = (
				28BB4AE729C87E0800380DEF /* PBXTargetDependency */,
			);
			name = obmennikTests;
			productName = obmennikTests;
			productReference = 28BB4AE529C87E0800380DEF /* obmennikTests.xctest */;
			productType = "com.apple.product-type.bundle.unit-test";
		};
		28BB4AEE29C87E0800380DEF /* obmennikUITests */ = {
			isa = PBXNativeTarget;
			buildConfigurationList = 28BB4AFF29C87E0800380DEF /* Build configuration list for PBXNativeTarget "obmennikUITests" */;
			buildPhases = (
				28BB4AEB29C87E0800380DEF /* Sources */,
				28BB4AEC29C87E0800380DEF /* Frameworks */,
				28BB4AED29C87E0800380DEF /* Resources */,
			);
			buildRules = (
			);
			dependencies = (
				28BB4AF129C87E0800380DEF /* PBXTargetDependency */,
			);
			name = obmennikUITests;
			productName = obmennikUITests;
			productReference = 28BB4AEF29C87E0800380DEF /* obmennikUITests.xctest */;
			productType = "com.apple.product-type.bundle.ui-testing";
		};
/* End PBXNativeTarget section */

/* Begin PBXProject section */
		28BB4AC729C87E0200380DEF /* Project object */ = {
			isa = PBXProject;
			attributes = {
				BuildIndependentTargetsInParallel = 1;
				LastSwiftUpdateCheck = 1340;
				LastUpgradeCheck = 1340;
				TargetAttributes = {
					28BB4ACE29C87E0200380DEF = {
						CreatedOnToolsVersion = 13.4.1;
					};
					28BB4AE429C87E0800380DEF = {
						CreatedOnToolsVersion = 13.4.1;
						TestTargetID = 28BB4ACE29C87E0200380DEF;
					};
					28BB4AEE29C87E0800380DEF = {
						CreatedOnToolsVersion = 13.4.1;
						TestTargetID = 28BB4ACE29C87E0200380DEF;
					};
				};
			};
			buildConfigurationList = 28BB4ACA29C87E0200380DEF /* Build configuration list for PBXProject "obmennik" */;
			compatibilityVersion = "Xcode 13.0";
			developmentRegion = en;
			hasScannedForEncodings = 0;
			knownRegions = (
				en,
				Base,
			);
			mainGroup = 28BB4AC629C87E0100380DEF;
			productRefGroup = 28BB4AD029C87E0200380DEF /* Products */;
			projectDirPath = "";
			projectRoot = "";
			targets = (
				28BB4ACE29C87E0200380DEF /* obmennik */,
				28BB4AE429C87E0800380DEF /* obmennikTests */,
				28BB4AEE29C87E0800380DEF /* obmennikUITests */,
			);
		};
/* End PBXProject section */

/* Begin PBXResourcesBuildPhase section */
		28BB4ACD29C87E0200380DEF /* Resources */ = {
			isa = PBXResourcesBuildPhase;
			buildActionMask = 2147483647;
			files = (
				28BB4B1129C9C6E700380DEF /* Main.storyboard in Resources */,
				28BB4ADC29C87E0700380DEF /* Assets.xcassets in Resources */,
			);
			runOnlyForDeploymentPostprocessing = 0;
		};
		28BB4AE329C87E0800380DEF /* Resources */ = {
			isa = PBXResourcesBuildPhase;
			buildActionMask = 2147483647;
			files = (
			);
			runOnlyForDeploymentPostprocessing = 0;
		};
		28BB4AED29C87E0800380DEF /* Resources */ = {
			isa = PBXResourcesBuildPhase;
			buildActionMask = 2147483647;
			files = (
			);
			runOnlyForDeploymentPostprocessing = 0;
		};
/* End PBXResourcesBuildPhase section */

/* Begin PBXSourcesBuildPhase section */
		28BB4ACB29C87E0200380DEF /* Sources */ = {
			isa = PBXSourcesBuildPhase;
			buildActionMask = 2147483647;
			files = (
				2835379B29CF4D9A009F4722 /* TabBarExtension.swift in Sources */,
				2898E52129CDEE210007AEC9 /* FilterCellView.swift in Sources */,
				283537C329D0EFE7009F4722 /* NetworkServiceImp.swift in Sources */,
				283537B829D0EFD2009F4722 /* HTTPRequest.swift in Sources */,
				283537B929D0EFD2009F4722 /* HTTPNetworkResponse.swift in Sources */,
				283537A329CF63FB009F4722 /* CreateViewExtensions.swift in Sources */,
				2898E52B29CE7A5F0007AEC9 /* CurrencyElements.swift in Sources */,
				283537A029CF619C009F4722 /* CreateViewModel.swift in Sources */,
				2898E52F29CE7B020007AEC9 /* UserData.swift in Sources */,
				28BB4B1329C9C7DC00380DEF /* TabBarController.swift in Sources */,
				2803A1D329CA3BB3006F4A40 /* DesignElements.swift in Sources */,
				283537C429D0EFE7009F4722 /* UserCreateQuery.swift in Sources */,
				2898E52D29CE7AD40007AEC9 /* CurrencyData.swift in Sources */,
				283537C929D1072E009F4722 /* CurrencyGetQuery.swift in Sources */,
				283537A729CFC229009F4722 /* ButtonExtensions.swift in Sources */,
				283537AC29D0532D009F4722 /* OfferViewController.swift in Sources */,
				283537AE29D05356009F4722 /* OfferViewModels.swift in Sources */,
				28BB4AD329C87E0200380DEF /* AppDelegate.swift in Sources */,
				2835379E29CF537F009F4722 /* CreateViewController.swift in Sources */,
				283537BB29D0EFD2009F4722 /* HTTPError.swift in Sources */,
				2803A1D529CA4461006F4A40 /* OfferCellView.swift in Sources */,
				2898E52929CE75C90007AEC9 /* OfferData.swift in Sources */,
				283537B729D0EFD2009F4722 /* NetworkClientImp.swift in Sources */,
				283537C729D0EFE7009F4722 /* NetworkService.swift in Sources */,
				28BB4B1729CA332200380DEF /* HomeViewModel.swift in Sources */,
				2803A1D129CA38E8006F4A40 /* HomeViewExtension.swift in Sources */,
				2898E52529CE74240007AEC9 /* ImageExtension.swift in Sources */,
				283537A529CFB171009F4722 /* StringExtension.swift in Sources */,
				283537BA29D0EFD2009F4722 /* HTTPMethod.swift in Sources */,
				28BB4B0529C908D500380DEF /* HomeViewController.swift in Sources */,
				283537B629D0EFD2009F4722 /* NetworkClient.swift in Sources */,
				28BB4B1529C9CFAB00380DEF /* ColorPalette.swift in Sources */,
				283537C629D0EFE7009F4722 /* NetworkTodoItem.swift in Sources */,
			);
			runOnlyForDeploymentPostprocessing = 0;
		};
		28BB4AE129C87E0800380DEF /* Sources */ = {
			isa = PBXSourcesBuildPhase;
			buildActionMask = 2147483647;
			files = (
				28BB4AEA29C87E0800380DEF /* obmennikTests.swift in Sources */,
			);
			runOnlyForDeploymentPostprocessing = 0;
		};
		28BB4AEB29C87E0800380DEF /* Sources */ = {
			isa = PBXSourcesBuildPhase;
			buildActionMask = 2147483647;
			files = (
				28BB4AF629C87E0800380DEF /* obmennikUITestsLaunchTests.swift in Sources */,
				28BB4AF429C87E0800380DEF /* obmennikUITests.swift in Sources */,
			);
			runOnlyForDeploymentPostprocessing = 0;
		};
/* End PBXSourcesBuildPhase section */

/* Begin PBXTargetDependency section */
		28BB4AE729C87E0800380DEF /* PBXTargetDependency */ = {
			isa = PBXTargetDependency;
			target = 28BB4ACE29C87E0200380DEF /* obmennik */;
			targetProxy = 28BB4AE629C87E0800380DEF /* PBXContainerItemProxy */;
		};
		28BB4AF129C87E0800380DEF /* PBXTargetDependency */ = {
			isa = PBXTargetDependency;
			target = 28BB4ACE29C87E0200380DEF /* obmennik */;
			targetProxy = 28BB4AF029C87E0800380DEF /* PBXContainerItemProxy */;
		};
/* End PBXTargetDependency section */

/* Begin XCBuildConfiguration section */
		28BB4AF729C87E0800380DEF /* Debug */ = {
			isa = XCBuildConfiguration;
			buildSettings = {
				ALWAYS_SEARCH_USER_PATHS = NO;
				CLANG_ANALYZER_NONNULL = YES;
				CLANG_ANALYZER_NUMBER_OBJECT_CONVERSION = YES_AGGRESSIVE;
				CLANG_CXX_LANGUAGE_STANDARD = "gnu++17";
				CLANG_ENABLE_MODULES = YES;
				CLANG_ENABLE_OBJC_ARC = YES;
				CLANG_ENABLE_OBJC_WEAK = YES;
				CLANG_WARN_BLOCK_CAPTURE_AUTORELEASING = YES;
				CLANG_WARN_BOOL_CONVERSION = YES;
				CLANG_WARN_COMMA = YES;
				CLANG_WARN_CONSTANT_CONVERSION = YES;
				CLANG_WARN_DEPRECATED_OBJC_IMPLEMENTATIONS = YES;
				CLANG_WARN_DIRECT_OBJC_ISA_USAGE = YES_ERROR;
				CLANG_WARN_DOCUMENTATION_COMMENTS = YES;
				CLANG_WARN_EMPTY_BODY = YES;
				CLANG_WARN_ENUM_CONVERSION = YES;
				CLANG_WARN_INFINITE_RECURSION = YES;
				CLANG_WARN_INT_CONVERSION = YES;
				CLANG_WARN_NON_LITERAL_NULL_CONVERSION = YES;
				CLANG_WARN_OBJC_IMPLICIT_RETAIN_SELF = YES;
				CLANG_WARN_OBJC_LITERAL_CONVERSION = YES;
				CLANG_WARN_OBJC_ROOT_CLASS = YES_ERROR;
				CLANG_WARN_QUOTED_INCLUDE_IN_FRAMEWORK_HEADER = YES;
				CLANG_WARN_RANGE_LOOP_ANALYSIS = YES;
				CLANG_WARN_STRICT_PROTOTYPES = YES;
				CLANG_WARN_SUSPICIOUS_MOVE = YES;
				CLANG_WARN_UNGUARDED_AVAILABILITY = YES_AGGRESSIVE;
				CLANG_WARN_UNREACHABLE_CODE = YES;
				CLANG_WARN__DUPLICATE_METHOD_MATCH = YES;
				COPY_PHASE_STRIP = NO;
				DEBUG_INFORMATION_FORMAT = dwarf;
				ENABLE_STRICT_OBJC_MSGSEND = YES;
				ENABLE_TESTABILITY = YES;
				GCC_C_LANGUAGE_STANDARD = gnu11;
				GCC_DYNAMIC_NO_PIC = NO;
				GCC_NO_COMMON_BLOCKS = YES;
				GCC_OPTIMIZATION_LEVEL = 0;
				GCC_PREPROCESSOR_DEFINITIONS = (
					"DEBUG=1",
					"$(inherited)",
				);
				GCC_WARN_64_TO_32_BIT_CONVERSION = YES;
				GCC_WARN_ABOUT_RETURN_TYPE = YES_ERROR;
				GCC_WARN_UNDECLARED_SELECTOR = YES;
				GCC_WARN_UNINITIALIZED_AUTOS = YES_AGGRESSIVE;
				GCC_WARN_UNUSED_FUNCTION = YES;
				GCC_WARN_UNUSED_VARIABLE = YES;
				IPHONEOS_DEPLOYMENT_TARGET = 15.5;
				MTL_ENABLE_DEBUG_INFO = INCLUDE_SOURCE;
				MTL_FAST_MATH = YES;
				ONLY_ACTIVE_ARCH = YES;
				SDKROOT = iphoneos;
				SWIFT_ACTIVE_COMPILATION_CONDITIONS = DEBUG;
				SWIFT_OPTIMIZATION_LEVEL = "-Onone";
			};
			name = Debug;
		};
		28BB4AF829C87E0800380DEF /* Release */ = {
			isa = XCBuildConfiguration;
			buildSettings = {
				ALWAYS_SEARCH_USER_PATHS = NO;
				CLANG_ANALYZER_NONNULL = YES;
				CLANG_ANALYZER_NUMBER_OBJECT_CONVERSION = YES_AGGRESSIVE;
				CLANG_CXX_LANGUAGE_STANDARD = "gnu++17";
				CLANG_ENABLE_MODULES = YES;
				CLANG_ENABLE_OBJC_ARC = YES;
				CLANG_ENABLE_OBJC_WEAK = YES;
				CLANG_WARN_BLOCK_CAPTURE_AUTORELEASING = YES;
				CLANG_WARN_BOOL_CONVERSION = YES;
				CLANG_WARN_COMMA = YES;
				CLANG_WARN_CONSTANT_CONVERSION = YES;
				CLANG_WARN_DEPRECATED_OBJC_IMPLEMENTATIONS = YES;
				CLANG_WARN_DIRECT_OBJC_ISA_USAGE = YES_ERROR;
				CLANG_WARN_DOCUMENTATION_COMMENTS = YES;
				CLANG_WARN_EMPTY_BODY = YES;
				CLANG_WARN_ENUM_CONVERSION = YES;
				CLANG_WARN_INFINITE_RECURSION = YES;
				CLANG_WARN_INT_CONVERSION = YES;
				CLANG_WARN_NON_LITERAL_NULL_CONVERSION = YES;
				CLANG_WARN_OBJC_IMPLICIT_RETAIN_SELF = YES;
				CLANG_WARN_OBJC_LITERAL_CONVERSION = YES;
				CLANG_WARN_OBJC_ROOT_CLASS = YES_ERROR;
				CLANG_WARN_QUOTED_INCLUDE_IN_FRAMEWORK_HEADER = YES;
				CLANG_WARN_RANGE_LOOP_ANALYSIS = YES;
				CLANG_WARN_STRICT_PROTOTYPES = YES;
				CLANG_WARN_SUSPICIOUS_MOVE = YES;
				CLANG_WARN_UNGUARDED_AVAILABILITY = YES_AGGRESSIVE;
				CLANG_WARN_UNREACHABLE_CODE = YES;
				CLANG_WARN__DUPLICATE_METHOD_MATCH = YES;
				COPY_PHASE_STRIP = NO;
				DEBUG_INFORMATION_FORMAT = "dwarf-with-dsym";
				ENABLE_NS_ASSERTIONS = NO;
				ENABLE_STRICT_OBJC_MSGSEND = YES;
				GCC_C_LANGUAGE_STANDARD = gnu11;
				GCC_NO_COMMON_BLOCKS = YES;
				GCC_WARN_64_TO_32_BIT_CONVERSION = YES;
				GCC_WARN_ABOUT_RETURN_TYPE = YES_ERROR;
				GCC_WARN_UNDECLARED_SELECTOR = YES;
				GCC_WARN_UNINITIALIZED_AUTOS = YES_AGGRESSIVE;
				GCC_WARN_UNUSED_FUNCTION = YES;
				GCC_WARN_UNUSED_VARIABLE = YES;
				IPHONEOS_DEPLOYMENT_TARGET = 15.5;
				MTL_ENABLE_DEBUG_INFO = NO;
				MTL_FAST_MATH = YES;
				SDKROOT = iphoneos;
				SWIFT_COMPILATION_MODE = wholemodule;
				SWIFT_OPTIMIZATION_LEVEL = "-O";
				VALIDATE_PRODUCT = YES;
			};
			name = Release;
		};
		28BB4AFA29C87E0800380DEF /* Debug */ = {
			isa = XCBuildConfiguration;
			buildSettings = {
				ASSETCATALOG_COMPILER_APPICON_NAME = AppIcon;
				ASSETCATALOG_COMPILER_GLOBAL_ACCENT_COLOR_NAME = AccentColor;
				CODE_SIGN_STYLE = Automatic;
				CURRENT_PROJECT_VERSION = 1;
				DEVELOPMENT_TEAM = CXA62NHTAC;
				GENERATE_INFOPLIST_FILE = YES;
				INFOPLIST_FILE = obmennik/Info.plist;
				INFOPLIST_KEY_UIApplicationSupportsIndirectInputEvents = YES;
				INFOPLIST_KEY_UILaunchStoryboardName = LaunchScreen;
				INFOPLIST_KEY_UIMainStoryboardFile = Main;
				INFOPLIST_KEY_UISupportedInterfaceOrientations_iPad = "UIInterfaceOrientationPortrait UIInterfaceOrientationPortraitUpsideDown UIInterfaceOrientationLandscapeLeft UIInterfaceOrientationLandscapeRight";
				INFOPLIST_KEY_UISupportedInterfaceOrientations_iPhone = "UIInterfaceOrientationPortrait UIInterfaceOrientationLandscapeLeft UIInterfaceOrientationLandscapeRight";
				IPHONEOS_DEPLOYMENT_TARGET = 14.0;
				LD_RUNPATH_SEARCH_PATHS = (
					"$(inherited)",
					"@executable_path/Frameworks",
				);
				MARKETING_VERSION = 1.0;
				PRODUCT_BUNDLE_IDENTIFIER = com.diazzzz.obmennik;
				PRODUCT_NAME = "$(TARGET_NAME)";
				SWIFT_EMIT_LOC_STRINGS = YES;
				SWIFT_VERSION = 5.0;
				TARGETED_DEVICE_FAMILY = "1,2";
			};
			name = Debug;
		};
		28BB4AFB29C87E0800380DEF /* Release */ = {
			isa = XCBuildConfiguration;
			buildSettings = {
				ASSETCATALOG_COMPILER_APPICON_NAME = AppIcon;
				ASSETCATALOG_COMPILER_GLOBAL_ACCENT_COLOR_NAME = AccentColor;
				CODE_SIGN_STYLE = Automatic;
				CURRENT_PROJECT_VERSION = 1;
				DEVELOPMENT_TEAM = CXA62NHTAC;
				GENERATE_INFOPLIST_FILE = YES;
				INFOPLIST_FILE = obmennik/Info.plist;
				INFOPLIST_KEY_UIApplicationSupportsIndirectInputEvents = YES;
				INFOPLIST_KEY_UILaunchStoryboardName = LaunchScreen;
				INFOPLIST_KEY_UIMainStoryboardFile = Main;
				INFOPLIST_KEY_UISupportedInterfaceOrientations_iPad = "UIInterfaceOrientationPortrait UIInterfaceOrientationPortraitUpsideDown UIInterfaceOrientationLandscapeLeft UIInterfaceOrientationLandscapeRight";
				INFOPLIST_KEY_UISupportedInterfaceOrientations_iPhone = "UIInterfaceOrientationPortrait UIInterfaceOrientationLandscapeLeft UIInterfaceOrientationLandscapeRight";
				IPHONEOS_DEPLOYMENT_TARGET = 14.0;
				LD_RUNPATH_SEARCH_PATHS = (
					"$(inherited)",
					"@executable_path/Frameworks",
				);
				MARKETING_VERSION = 1.0;
				PRODUCT_BUNDLE_IDENTIFIER = com.diazzzz.obmennik;
				PRODUCT_NAME = "$(TARGET_NAME)";
				SWIFT_EMIT_LOC_STRINGS = YES;
				SWIFT_VERSION = 5.0;
				TARGETED_DEVICE_FAMILY = "1,2";
			};
			name = Release;
		};
		28BB4AFD29C87E0800380DEF /* Debug */ = {
			isa = XCBuildConfiguration;
			buildSettings = {
				ALWAYS_EMBED_SWIFT_STANDARD_LIBRARIES = YES;
				BUNDLE_LOADER = "$(TEST_HOST)";
				CODE_SIGN_STYLE = Automatic;
				CURRENT_PROJECT_VERSION = 1;
				DEVELOPMENT_TEAM = CXA62NHTAC;
				GENERATE_INFOPLIST_FILE = YES;
				IPHONEOS_DEPLOYMENT_TARGET = 15.5;
				MARKETING_VERSION = 1.0;
				PRODUCT_BUNDLE_IDENTIFIER = com.diazzzz.obmennikTests;
				PRODUCT_NAME = "$(TARGET_NAME)";
				SWIFT_EMIT_LOC_STRINGS = NO;
				SWIFT_VERSION = 5.0;
				TARGETED_DEVICE_FAMILY = "1,2";
				TEST_HOST = "$(BUILT_PRODUCTS_DIR)/obmennik.app/obmennik";
			};
			name = Debug;
		};
		28BB4AFE29C87E0800380DEF /* Release */ = {
			isa = XCBuildConfiguration;
			buildSettings = {
				ALWAYS_EMBED_SWIFT_STANDARD_LIBRARIES = YES;
				BUNDLE_LOADER = "$(TEST_HOST)";
				CODE_SIGN_STYLE = Automatic;
				CURRENT_PROJECT_VERSION = 1;
				DEVELOPMENT_TEAM = CXA62NHTAC;
				GENERATE_INFOPLIST_FILE = YES;
				IPHONEOS_DEPLOYMENT_TARGET = 15.5;
				MARKETING_VERSION = 1.0;
				PRODUCT_BUNDLE_IDENTIFIER = com.diazzzz.obmennikTests;
				PRODUCT_NAME = "$(TARGET_NAME)";
				SWIFT_EMIT_LOC_STRINGS = NO;
				SWIFT_VERSION = 5.0;
				TARGETED_DEVICE_FAMILY = "1,2";
				TEST_HOST = "$(BUILT_PRODUCTS_DIR)/obmennik.app/obmennik";
			};
			name = Release;
		};
		28BB4B0029C87E0800380DEF /* Debug */ = {
			isa = XCBuildConfiguration;
			buildSettings = {
				ALWAYS_EMBED_SWIFT_STANDARD_LIBRARIES = YES;
				CODE_SIGN_STYLE = Automatic;
				CURRENT_PROJECT_VERSION = 1;
				DEVELOPMENT_TEAM = CXA62NHTAC;
				GENERATE_INFOPLIST_FILE = YES;
				MARKETING_VERSION = 1.0;
				PRODUCT_BUNDLE_IDENTIFIER = com.diazzzz.obmennikUITests;
				PRODUCT_NAME = "$(TARGET_NAME)";
				SWIFT_EMIT_LOC_STRINGS = NO;
				SWIFT_VERSION = 5.0;
				TARGETED_DEVICE_FAMILY = "1,2";
				TEST_TARGET_NAME = obmennik;
			};
			name = Debug;
		};
		28BB4B0129C87E0800380DEF /* Release */ = {
			isa = XCBuildConfiguration;
			buildSettings = {
				ALWAYS_EMBED_SWIFT_STANDARD_LIBRARIES = YES;
				CODE_SIGN_STYLE = Automatic;
				CURRENT_PROJECT_VERSION = 1;
				DEVELOPMENT_TEAM = CXA62NHTAC;
				GENERATE_INFOPLIST_FILE = YES;
				MARKETING_VERSION = 1.0;
				PRODUCT_BUNDLE_IDENTIFIER = com.diazzzz.obmennikUITests;
				PRODUCT_NAME = "$(TARGET_NAME)";
				SWIFT_EMIT_LOC_STRINGS = NO;
				SWIFT_VERSION = 5.0;
				TARGETED_DEVICE_FAMILY = "1,2";
				TEST_TARGET_NAME = obmennik;
			};
			name = Release;
		};
/* End XCBuildConfiguration section */

/* Begin XCConfigurationList section */
		28BB4ACA29C87E0200380DEF /* Build configuration list for PBXProject "obmennik" */ = {
			isa = XCConfigurationList;
			buildConfigurations = (
				28BB4AF729C87E0800380DEF /* Debug */,
				28BB4AF829C87E0800380DEF /* Release */,
			);
			defaultConfigurationIsVisible = 0;
			defaultConfigurationName = Release;
		};
		28BB4AF929C87E0800380DEF /* Build configuration list for PBXNativeTarget "obmennik" */ = {
			isa = XCConfigurationList;
			buildConfigurations = (
				28BB4AFA29C87E0800380DEF /* Debug */,
				28BB4AFB29C87E0800380DEF /* Release */,
			);
			defaultConfigurationIsVisible = 0;
			defaultConfigurationName = Release;
		};
		28BB4AFC29C87E0800380DEF /* Build configuration list for PBXNativeTarget "obmennikTests" */ = {
			isa = XCConfigurationList;
			buildConfigurations = (
				28BB4AFD29C87E0800380DEF /* Debug */,
				28BB4AFE29C87E0800380DEF /* Release */,
			);
			defaultConfigurationIsVisible = 0;
			defaultConfigurationName = Release;
		};
		28BB4AFF29C87E0800380DEF /* Build configuration list for PBXNativeTarget "obmennikUITests" */ = {
			isa = XCConfigurationList;
			buildConfigurations = (
				28BB4B0029C87E0800380DEF /* Debug */,
				28BB4B0129C87E0800380DEF /* Release */,
			);
			defaultConfigurationIsVisible = 0;
			defaultConfigurationName = Release;
		};
/* End XCConfigurationList section */
	};
	rootObject = 28BB4AC729C87E0200380DEF /* Project object */;
}
